<Solution>
  <Project Path="Shoddy.Compiler/Shoddy.Compiler.csproj" />
  <Project Path="Shoddy.Devil/Shoddy.Devil.csproj" />
  <Project Path="Shoddy.Mill/Shoddy.Mill.csproj" />
  <Project Path="Shoddy.Mill.Headless/Shoddy.Mill.Headless.csproj" />
  <Project Path="Shoddy.Hosting/Shoddy.Hosting.csproj" />
  <Project Path="Shoddy.Build/Shoddy.Build.csproj" />
  <Project Path="Shoddy.Perch/Shoddy.Perch.csproj" />
  <Project Path="Shoddy.Runtime/Shoddy.Runtime.csproj" />
  <Project Path="Shoddy.Tests/Shoddy.Tests.csproj" />
</Solution>
