<Solution>
  <Project Path="Shoddy.Compiler/Shoddy.Compiler.csproj" />
  <Project Path="Shoddy.Devil/Shoddy.Devil.csproj" />
  <Project Path="Shoddy.Mill/Shoddy.Mill.csproj" />
  <Project Path="Shoddy.Runtime/Shoddy.Runtime.csproj" />
  <Project Path="Shoddy.Tests/Shoddy.Tests.csproj" />
</Solution>
